<Solution>
  <Project Path="../../Users/estefania.ramos/OneDrive - INSTITUTO TECNOLOGICO METROPOLITANO - ITM/Escritorio/TALLER POO/Backend/Backend.csproj" />
  <Project Path="../../Users/estefania.ramos/OneDrive - INSTITUTO TECNOLOGICO METROPOLITANO - ITM/Escritorio/TALLER POO/Frontend/Frontend.csproj" />
</Solution>
